// !$*UTF8*$!
{
	archiveVersion = 1;
	classes = {
	};
	objectVersion = 46;
	objects = {

/* Begin PBXBuildFile section */
		8247CEF41A0821DB00A96F05 /* main.m in Sources */ = {isa = PBXBuildFile; fileRef = 8247CEF31A0821DB00A96F05 /* main.m */; };
		8247CEF71A0821DB00A96F05 /* AppDelegate.m in Sources */ = {isa = PBXBuildFile; fileRef = 8247CEF61A0821DB00A96F05 /* AppDelegate.m */; };
		8247CEFA1A0821DB00A96F05 /* ViewController.m in Sources */ = {isa = PBXBuildFile; fileRef = 8247CEF91A0821DB00A96F05 /* ViewController.m */; };
		8247CEFD1A0821DB00A96F05 /* Main.storyboard in Resources */ = {isa = PBXBuildFile; fileRef = 8247CEFB1A0821DB00A96F05 /* Main.storyboard */; };
		8247CEFF1A0821DB00A96F05 /* Images.xcassets in Resources */ = {isa = PBXBuildFile; fileRef = 8247CEFE1A0821DB00A96F05 /* Images.xcassets */; };
		8247CF021A0821DB00A96F05 /* LaunchScreen.xib in Resources */ = {isa = PBXBuildFile; fileRef = 8247CF001A0821DB00A96F05 /* LaunchScreen.xib */; };
		8247CF0E1A0821DB00A96F05 /* TestOneTests.m in Sources */ = {isa = PBXBuildFile; fileRef = 8247CF0D1A0821DB00A96F05 /* TestOneTests.m */; };
/* End PBXBuildFile section */

/* Begin PBXContainerItemProxy section */
		8247CF081A0821DB00A96F05 /* PBXContainerItemProxy */ = {
			isa = PBXContainerItemProxy;
			containerPortal = 8247CEE61A0821DB00A96F05 /* Project object */;
			proxyType = 1;
			remoteGlobalIDString = 8247CEED1A0821DB00A96F05;
			remoteInfo = TestOne;
		};
/* End PBXContainerItemProxy section */

/* Begin PBXFileReference section */
		8247CEEE1A0821DB00A96F05 /* TestOne.app */ = {isa = PBXFileReference; explicitFileType = wrapper.application; includeInIndex = 0; path = TestOne.app; sourceTree = BUILT_PRODUCTS_DIR; };
		8247CEF21A0821DB00A96F05 /* Info.plist */ = {isa = PBXFileReference; lastKnownFileType = text.plist.xml; path = Info.plist; sourceTree = "<group>"; };
		8247CEF31A0821DB00A96F05 /* main.m */ = {isa = PBXFileReference; lastKnownFileType = sourcecode.c.objc; path = main.m; sourceTree = "<group>"; };
		8247CEF51A0821DB00A96F05 /* AppDelegate.h */ = {isa = PBXFileReference; lastKnownFileType = sourcecode.c.h; path = AppDelegate.h; sourceTree = "<group>"; };
		8247CEF61A0821DB00A96F05 /* AppDelegate.m */ = {isa = PBXFileReference; lastKnownFileType = sourcecode.c.objc; path = AppDelegate.m; sourceTree = "<group>"; };
		8247CEF81A0821DB00A96F05 /* ViewController.h */ = {isa = PBXFileReference; lastKnownFileType = sourcecode.c.h; path = ViewController.h; sourceTree = "<group>"; };
		8247CEF91A0821DB00A96F05 /* ViewController.m */ = {isa = PBXFileReference; lastKnownFileType = sourcecode.c.objc; path = ViewController.m; sourceTree = "<group>"; };
		8247CEFC1A0821DB00A96F05 /* Base */ = {isa = PBXFileReference; lastKnownFileType = file.storyboard; name = Base; path = Base.lproj/Main.storyboard; sourceTree = "<group>"; };
		8247CEFE1A0821DB00A96F05 /* Images.xcassets */ = {isa = PBXFileReference; lastKnownFileType = folder.assetcatalog; path = Images.xcassets; sourceTree = "<group>"; };
		8247CF011A0821DB00A96F05 /* Base */ = {isa = PBXFileReference; lastKnownFileType = file.xib; name = Base; path = Base.lproj/LaunchScreen.xib; sourceTree = "<group>"; };
		8247CF071A0821DB00A96F05 /* TestOneTests.xctest */ = {isa = PBXFileReference; explicitFileType = wrapper.cfbundle; includeInIndex = 0; path = TestOneTests.xctest; sourceTree = BUILT_PRODUCTS_DIR; };
		8247CF0C1A0821DB00A96F05 /* Info.plist */ = {isa = PBXFileReference; lastKnownFileType = text.plist.xml; path = Info.plist; sourceTree = "<group>"; };
		8247CF0D1A0821DB00A96F05 /* TestOneTests.m */ = {isa = PBXFileReference; lastKnownFileType = sourcecode.c.objc; path = TestOneTests.m; sourceTree = "<group>"; };
/* End PBXFileReference section */

/* Begin PBXFrameworksBuildPhase section */
		8247CEEB1A0821DB00A96F05 /* Frameworks */ = {
			isa = PBXFrameworksBuildPhase;
			buildActionMask = 2147483647;
			files = (
			);
			runOnlyForDeploymentPostprocessing = 0;
		};
		8247CF041A0821DB00A96F05 /* Frameworks */ = {
			isa = PBXFrameworksBuildPhase;
			buildActionMask = 2147483647;
			files = (
			);
			runOnlyForDeploymentPostprocessing = 0;
		};
/* End PBXFrameworksBuildPhase section */

/* Begin PBXGroup section */
		8247CEE51A0821DB00A96F05 = {
			isa = PBXGroup;
			children = (
				8247CEF01A0821DB00A96F05 /* TestOne */,
				8247CF0A1A0821DB00A96F05 /* TestOneTests */,
				8247CEEF1A0821DB00A96F05 /* Products */,
			);
			sourceTree = "<group>";
		};
		8247CEEF1A0821DB00A96F05 /* Products */ = {
			isa = PBXGroup;
			children = (
				8247CEEE1A0821DB00A96F05 /* TestOne.app */,
				8247CF071A0821DB00A96F05 /* TestOneTests.xctest */,
			);
			name = Products;
			sourceTree = "<group>";
		};
		8247CEF01A0821DB00A96F05 /* TestOne */ = {
			isa = PBXGroup;
			children = (
				8247CEF51A0821DB00A96F05 /* AppDelegate.h */,
				8247CEF61A0821DB00A96F05 /* AppDelegate.m */,
				8247CEF81A0821DB00A96F05 /* ViewController.h */,
				8247CEF91A0821DB00A96F05 /* ViewController.m */,
				8247CEFB1A0821DB00A96F05 /* Main.storyboard */,
				8247CEFE1A0821DB00A96F05 /* Images.xcassets */,
				8247CF001A0821DB00A96F05 /* LaunchScreen.xib */,
				8247CEF11A0821DB00A96F05 /* Supporting Files */,
			);
			path = TestOne;
			sourceTree = "<group>";
		};
		8247CEF11A0821DB00A96F05 /* Supporting Files */ = {
			isa = PBXGroup;
			children = (
				8247CEF21A0821DB00A96F05 /* Info.plist */,
				8247CEF31A0821DB00A96F05 /* main.m */,
			);
			name = "Supporting Files";
			sourceTree = "<group>";
		};
		8247CF0A1A0821DB00A96F05 /* TestOneTests */ = {
			isa = PBXGroup;
			children = (
				8247CF0D1A0821DB00A96F05 /* TestOneTests.m */,
				8247CF0B1A0821DB00A96F05 /* Supporting Files */,
			);
			path = TestOneTests;
			sourceTree = "<group>";
		};
		8247CF0B1A0821DB00A96F05 /* Supporting Files */ = {
			isa = PBXGroup;
			children = (
				8247CF0C1A0821DB00A96F05 /* Info.plist */,
			);
			name = "Supporting Files";
			sourceTree = "<group>";
		};
/* End PBXGroup section */

/* Begin PBXNativeTarget section */
		8247CEED1A0821DB00A96F05 /* TestOne */ = {
			isa = PBXNativeTarget;
			buildConfigurationList = 8247CF111A0821DB00A96F05 /* Build configuration list for PBXNativeTarget "TestOne" */;
			buildPhases = (
				8247CEEA1A0821DB00A96F05 /* Sources */,
				8247CEEB1A0821DB00A96F05 /* Frameworks */,
				8247CEEC1A0821DB00A96F05 /* Resources */,
			);
			buildRules = (
			);
			dependencies = (
			);
			name = TestOne;
			productName = TestOne;
			productReference = 8247CEEE1A0821DB00A96F05 /* TestOne.app */;
			productType = "com.apple.product-type.application";
		};
		8247CF061A0821DB00A96F05 /* TestOneTests */ = {
			isa = PBXNativeTarget;
			buildConfigurationList = 8247CF141A0821DB00A96F05 /* Build configuration list for PBXNativeTarget "TestOneTests" */;
			buildPhases = (
				8247CF031A0821DB00A96F05 /* Sources */,
				8247CF041A0821DB00A96F05 /* Frameworks */,
				8247CF051A0821DB00A96F05 /* Resources */,
			);
			buildRules = (
			);
			dependencies = (
				8247CF091A0821DB00A96F05 /* PBXTargetDependency */,
			);
			name = TestOneTests;
			productName = TestOneTests;
			productReference = 8247CF071A0821DB00A96F05 /* TestOneTests.xctest */;
			productType = "com.apple.product-type.bundle.unit-test";
		};
/* End PBXNativeTarget section */

/* Begin PBXProject section */
		8247CEE61A0821DB00A96F05 /* Project object */ = {
			isa = PBXProject;
			attributes = {
				LastUpgradeCheck = 0610;
				ORGANIZATIONNAME = "Stephen Turton";
				TargetAttributes = {
					8247CEED1A0821DB00A96F05 = {
						CreatedOnToolsVersion = 6.1;
					};
					8247CF061A0821DB00A96F05 = {
						CreatedOnToolsVersion = 6.1;
						TestTargetID = 8247CEED1A0821DB00A96F05;
					};
				};
			};
			buildConfigurationList = 8247CEE91A0821DB00A96F05 /* Build configuration list for PBXProject "TestOne" */;
			compatibilityVersion = "Xcode 3.2";
			developmentRegion = English;
			hasScannedForEncodings = 0;
			knownRegions = (
				en,
				Base,
			);
			mainGroup = 8247CEE51A0821DB00A96F05;
			productRefGroup = 8247CEEF1A0821DB00A96F05 /* Products */;
			projectDirPath = "";
			projectRoot = "";
			targets = (
				8247CEED1A0821DB00A96F05 /* TestOne */,
				8247CF061A0821DB00A96F05 /* TestOneTests */,
			);
		};
/* End PBXProject section */

/* Begin PBXResourcesBuildPhase section */
		8247CEEC1A0821DB00A96F05 /* Resources */ = {
			isa = PBXResourcesBuildPhase;
			buildActionMask = 2147483647;
			files = (
				8247CEFD1A0821DB00A96F05 /* Main.storyboard in Resources */,
				8247CF021A0821DB00A96F05 /* LaunchScreen.xib in Resources */,
				8247CEFF1A0821DB00A96F05 /* Images.xcassets in Resources */,
			);
			runOnlyForDeploymentPostprocessing = 0;
		};
		8247CF051A0821DB00A96F05 /* Resources */ = {
			isa = PBXResourcesBuildPhase;
			buildActionMask = 2147483647;
			files = (
			);
			runOnlyForDeploymentPostprocessing = 0;
		};
/* End PBXResourcesBuildPhase section */

/* Begin PBXSourcesBuildPhase section */
		8247CEEA1A0821DB00A96F05 /* Sources */ = {
			isa = PBXSourcesBuildPhase;
			buildActionMask = 2147483647;
			files = (
				8247CEFA1A0821DB00A96F05 /* ViewController.m in Sources */,
				8247CEF71A0821DB00A96F05 /* AppDelegate.m in Sources */,
				8247CEF41A0821DB00A96F05 /* main.m in Sources */,
			);
			runOnlyForDeploymentPostprocessing = 0;
		};
		8247CF031A0821DB00A96F05 /* Sources */ = {
			isa = PBXSourcesBuildPhase;
			buildActionMask = 2147483647;
			files = (
				8247CF0E1A0821DB00A96F05 /* TestOneTests.m in Sources */,
			);
			runOnlyForDeploymentPostprocessing = 0;
		};
/* End PBXSourcesBuildPhase section */

/* Begin PBXTargetDependency section */
		8247CF091A0821DB00A96F05 /* PBXTargetDependency */ = {
			isa = PBXTargetDependency;
			target = 8247CEED1A0821DB00A96F05 /* TestOne */;
			targetProxy = 8247CF081A0821DB00A96F05 /* PBXContainerItemProxy */;
		};
/* End PBXTargetDependency section */

/* Begin PBXVariantGroup section */
		8247CEFB1A0821DB00A96F05 /* Main.storyboard */ = {
			isa = PBXVariantGroup;
			children = (
				8247CEFC1A0821DB00A96F05 /* Base */,
			);
			name = Main.storyboard;
			sourceTree = "<group>";
		};
		8247CF001A0821DB00A96F05 /* LaunchScreen.xib */ = {
			isa = PBXVariantGroup;
			children = (
				8247CF011A0821DB00A96F05 /* Base */,
			);
			name = LaunchScreen.xib;
			sourceTree = "<group>";
		};
/* End PBXVariantGroup section */

/* Begin XCBuildConfiguration section */
		8247CF0F1A0821DB00A96F05 /* Debug */ = {
			isa = XCBuildConfiguration;
			buildSettings = {
				ALWAYS_SEARCH_USER_PATHS = NO;
				CLANG_CXX_LANGUAGE_STANDARD = "gnu++0x";
				CLANG_CXX_LIBRARY = "libc++";
				CLANG_ENABLE_MODULES = YES;
				CLANG_ENABLE_OBJC_ARC = YES;
				CLANG_WARN_BOOL_CONVERSION = YES;
				CLANG_WARN_CONSTANT_CONVERSION = YES;
				CLANG_WARN_DIRECT_OBJC_ISA_USAGE = YES_ERROR;
				CLANG_WARN_EMPTY_BODY = YES;
				CLANG_WARN_ENUM_CONVERSION = YES;
				CLANG_WARN_INT_CONVERSION = YES;
				CLANG_WARN_OBJC_ROOT_CLASS = YES_ERROR;
				CLANG_WARN_UNREACHABLE_CODE = YES;
				CLANG_WARN__DUPLICATE_METHOD_MATCH = YES;
				"CODE_SIGN_IDENTITY[sdk=iphoneos*]" = "iPhone Developer";
				COPY_PHASE_STRIP = NO;
				ENABLE_STRICT_OBJC_MSGSEND = YES;
				GCC_C_LANGUAGE_STANDARD = gnu99;
				GCC_DYNAMIC_NO_PIC = NO;
				GCC_OPTIMIZATION_LEVEL = 0;
				GCC_PREPROCESSOR_DEFINITIONS = (
					"DEBUG=1",
					"$(inherited)",
				);
				GCC_SYMBOLS_PRIVATE_EXTERN = NO;
				GCC_WARN_64_TO_32_BIT_CONVERSION = YES;
				GCC_WARN_ABOUT_RETURN_TYPE = YES_ERROR;
				GCC_WARN_UNDECLARED_SELECTOR = YES;
				GCC_WARN_UNINITIALIZED_AUTOS = YES_AGGRESSIVE;
				GCC_WARN_UNUSED_FUNCTION = YES;
				GCC_WARN_UNUSED_VARIABLE = YES;
				IPHONEOS_DEPLOYMENT_TARGET = 8.1;
				MTL_ENABLE_DEBUG_INFO = YES;
				ONLY_ACTIVE_ARCH = YES;
				SDKROOT = iphoneos;
			};
			name = Debug;
		};
		8247CF101A0821DB00A96F05 /* Release */ = {
			isa = XCBuildConfiguration;
			buildSettings = {
				ALWAYS_SEARCH_USER_PATHS = NO;
				CLANG_CXX_LANGUAGE_STANDARD = "gnu++0x";
				CLANG_CXX_LIBRARY = "libc++";
				CLANG_ENABLE_MODULES = YES;
				CLANG_ENABLE_OBJC_ARC = YES;
				CLANG_WARN_BOOL_CONVERSION = YES;
				CLANG_WARN_CONSTANT_CONVERSION = YES;
				CLANG_WARN_DIRECT_OBJC_ISA_USAGE = YES_ERROR;
				CLANG_WARN_EMPTY_BODY = YES;
				CLANG_WARN_ENUM_CONVERSION = YES;
				CLANG_WARN_INT_CONVERSION = YES;
				CLANG_WARN_OBJC_ROOT_CLASS = YES_ERROR;
				CLANG_WARN_UNREACHABLE_CODE = YES;
				CLANG_WARN__DUPLICATE_METHOD_MATCH = YES;
				"CODE_SIGN_IDENTITY[sdk=iphoneos*]" = "iPhone Developer";
				COPY_PHASE_STRIP = YES;
				ENABLE_NS_ASSERTIONS = NO;
				ENABLE_STRICT_OBJC_MSGSEND = YES;
				GCC_C_LANGUAGE_STANDARD = gnu99;
				GCC_WARN_64_TO_32_BIT_CONVERSION = YES;
				GCC_WARN_ABOUT_RETURN_TYPE = YES_ERROR;
				GCC_WARN_UNDECLARED_SELECTOR = YES;
				GCC_WARN_UNINITIALIZED_AUTOS = YES_AGGRESSIVE;
				GCC_WARN_UNUSED_FUNCTION = YES;
				GCC_WARN_UNUSED_VARIABLE = YES;
				IPHONEOS_DEPLOYMENT_TARGET = 8.1;
				MTL_ENABLE_DEBUG_INFO = NO;
				SDKROOT = iphoneos;
				VALIDATE_PRODUCT = YES;
			};
			name = Release;
		};
		8247CF121A0821DB00A96F05 /* Debug */ = {
			isa = XCBuildConfiguration;
			buildSettings = {
				ASSETCATALOG_COMPILER_APPICON_NAME = AppIcon;
				INFOPLIST_FILE = TestOne/Info.plist;
				LD_RUNPATH_SEARCH_PATHS = "$(inherited) @executable_path/Frameworks";
				PRODUCT_NAME = "$(TARGET_NAME)";
			};
			name = Debug;
		};
		8247CF131A0821DB00A96F05 /* Release */ = {
			isa = XCBuildConfiguration;
			buildSettings = {
				ASSETCATALOG_COMPILER_APPICON_NAME = AppIcon;
				INFOPLIST_FILE = TestOne/Info.plist;
				LD_RUNPATH_SEARCH_PATHS = "$(inherited) @executable_path/Frameworks";
				PRODUCT_NAME = "$(TARGET_NAME)";
			};
			name = Release;
		};
		8247CF151A0821DB00A96F05 /* Debug */ = {
			isa = XCBuildConfiguration;
			buildSettings = {
				BUNDLE_LOADER = "$(TEST_HOST)";
				FRAMEWORK_SEARCH_PATHS = (
					"$(SDKROOT)/Developer/Library/Frameworks",
					"$(inherited)",
				);
				GCC_PREPROCESSOR_DEFINITIONS = (
					"DEBUG=1",
					"$(inherited)",
				);
				INFOPLIST_FILE = TestOneTests/Info.plist;
				LD_RUNPATH_SEARCH_PATHS = "$(inherited) @executable_path/Frameworks @loader_path/Frameworks";
				PRODUCT_NAME = "$(TARGET_NAME)";
				TEST_HOST = "$(BUILT_PRODUCTS_DIR)/TestOne.app/TestOne";
			};
			name = Debug;
		};
		8247CF161A0821DB00A96F05 /* Release */ = {
			isa = XCBuildConfiguration;
			buildSettings = {
				BUNDLE_LOADER = "$(TEST_HOST)";
				FRAMEWORK_SEARCH_PATHS = (
					"$(SDKROOT)/Developer/Library/Frameworks",
					"$(inherited)",
				);
				INFOPLIST_FILE = TestOneTests/Info.plist;
				LD_RUNPATH_SEARCH_PATHS = "$(inherited) @executable_path/Frameworks @loader_path/Frameworks";
				PRODUCT_NAME = "$(TARGET_NAME)";
				TEST_HOST = "$(BUILT_PRODUCTS_DIR)/TestOne.app/TestOne";
			};
			name = Release;
		};
/* End XCBuildConfiguration section */

/* Begin XCConfigurationList section */
		8247CEE91A0821DB00A96F05 /* Build configuration list for PBXProject "TestOne" */ = {
			isa = XCConfigurationList;
			buildConfigurations = (
				8247CF0F1A0821DB00A96F05 /* Debug */,
				8247CF101A0821DB00A96F05 /* Release */,
			);
			defaultConfigurationIsVisible = 0;
			defaultConfigurationName = Release;
		};
		8247CF111A0821DB00A96F05 /* Build configuration list for PBXNativeTarget "TestOne" */ = {
			isa = XCConfigurationList;
			buildConfigurations = (
				8247CF121A0821DB00A96F05 /* Debug */,
				8247CF131A0821DB00A96F05 /* Release */,
			);
			defaultConfigurationIsVisible = 0;
		};
		8247CF141A0821DB00A96F05 /* Build configuration list for PBXNativeTarget "TestOneTests" */ = {
			isa = XCConfigurationList;
			buildConfigurations = (
				8247CF151A0821DB00A96F05 /* Debug */,
				8247CF161A0821DB00A96F05 /* Release */,
			);
			defaultConfigurationIsVisible = 0;
		};
/* End XCConfigurationList section */
	};
	rootObject = 8247CEE61A0821DB00A96F05 /* Project object */;
}
